// !$*UTF8*$!
{
	archiveVersion = 1;
	classes = {
	};
	objectVersion = 55;
	objects = {

/* Begin PBXBuildFile section */
		390FD80D299D36BE0035374F /* AppDelegate.swift in Sources */ = {isa = PBXBuildFile; fileRef = 390FD80C299D36BE0035374F /* AppDelegate.swift */; };
		390FD80F299D36BE0035374F /* SceneDelegate.swift in Sources */ = {isa = PBXBuildFile; fileRef = 390FD80E299D36BE0035374F /* SceneDelegate.swift */; };
		390FD811299D36BE0035374F /* ImageListController.swift in Sources */ = {isa = PBXBuildFile; fileRef = 390FD810299D36BE0035374F /* ImageListController.swift */; };
		390FD814299D36BE0035374F /* Main.storyboard in Resources */ = {isa = PBXBuildFile; fileRef = 390FD812299D36BE0035374F /* Main.storyboard */; };
		390FD816299D36C00035374F /* Assets.xcassets in Resources */ = {isa = PBXBuildFile; fileRef = 390FD815299D36C00035374F /* Assets.xcassets */; };
		390FD819299D36C00035374F /* LaunchScreen.storyboard in Resources */ = {isa = PBXBuildFile; fileRef = 390FD817299D36C00035374F /* LaunchScreen.storyboard */; };
		390FD821299D373C0035374F /* Model.swift in Sources */ = {isa = PBXBuildFile; fileRef = 390FD820299D373C0035374F /* Model.swift */; };
		390FD827299EB1D90035374F /* ImageService.swift in Sources */ = {isa = PBXBuildFile; fileRef = 390FD826299EB1D90035374F /* ImageService.swift */; };
		390FD82A299FBBA30035374F /* TableViewCell.swift in Sources */ = {isa = PBXBuildFile; fileRef = 390FD828299FBBA30035374F /* TableViewCell.swift */; };
		390FD82B299FBBA30035374F /* TableViewCell.xib in Resources */ = {isa = PBXBuildFile; fileRef = 390FD829299FBBA30035374F /* TableViewCell.xib */; };
		3967A87129D6189700FD7252 /* UITableView+Extensions.swift in Sources */ = {isa = PBXBuildFile; fileRef = 3967A87029D6189700FD7252 /* UITableView+Extensions.swift */; };
		399DB87B29A7756A005777D6 /* UIImageView+Extensions.swift in Sources */ = {isa = PBXBuildFile; fileRef = 399DB87A29A7756A005777D6 /* UIImageView+Extensions.swift */; };
		39AC36A129C4B538008BD436 /* EmptyStateView.swift in Sources */ = {isa = PBXBuildFile; fileRef = 39AC36A029C4B538008BD436 /* EmptyStateView.swift */; };
/* End PBXBuildFile section */

/* Begin PBXFileReference section */
		390FD809299D36BE0035374F /* Networking15.02Escaping.app */ = {isa = PBXFileReference; explicitFileType = wrapper.application; includeInIndex = 0; path = Networking15.02Escaping.app; sourceTree = BUILT_PRODUCTS_DIR; };
		390FD80C299D36BE0035374F /* AppDelegate.swift */ = {isa = PBXFileReference; lastKnownFileType = sourcecode.swift; path = AppDelegate.swift; sourceTree = "<group>"; };
		390FD80E299D36BE0035374F /* SceneDelegate.swift */ = {isa = PBXFileReference; lastKnownFileType = sourcecode.swift; path = SceneDelegate.swift; sourceTree = "<group>"; };
		390FD810299D36BE0035374F /* ImageListController.swift */ = {isa = PBXFileReference; lastKnownFileType = sourcecode.swift; path = ImageListController.swift; sourceTree = "<group>"; };
		390FD813299D36BE0035374F /* Base */ = {isa = PBXFileReference; lastKnownFileType = file.storyboard; name = Base; path = Base.lproj/Main.storyboard; sourceTree = "<group>"; };
		390FD815299D36C00035374F /* Assets.xcassets */ = {isa = PBXFileReference; lastKnownFileType = folder.assetcatalog; path = Assets.xcassets; sourceTree = "<group>"; };
		390FD818299D36C00035374F /* Base */ = {isa = PBXFileReference; lastKnownFileType = file.storyboard; name = Base; path = Base.lproj/LaunchScreen.storyboard; sourceTree = "<group>"; };
		390FD81A299D36C00035374F /* Info.plist */ = {isa = PBXFileReference; lastKnownFileType = text.plist.xml; path = Info.plist; sourceTree = "<group>"; };
		390FD820299D373C0035374F /* Model.swift */ = {isa = PBXFileReference; lastKnownFileType = sourcecode.swift; path = Model.swift; sourceTree = "<group>"; };
		390FD826299EB1D90035374F /* ImageService.swift */ = {isa = PBXFileReference; lastKnownFileType = sourcecode.swift; path = ImageService.swift; sourceTree = "<group>"; };
		390FD828299FBBA30035374F /* TableViewCell.swift */ = {isa = PBXFileReference; lastKnownFileType = sourcecode.swift; path = TableViewCell.swift; sourceTree = "<group>"; };
		390FD829299FBBA30035374F /* TableViewCell.xib */ = {isa = PBXFileReference; lastKnownFileType = file.xib; path = TableViewCell.xib; sourceTree = "<group>"; };
		3967A87029D6189700FD7252 /* UITableView+Extensions.swift */ = {isa = PBXFileReference; lastKnownFileType = sourcecode.swift; path = "UITableView+Extensions.swift"; sourceTree = "<group>"; };
		399DB87A29A7756A005777D6 /* UIImageView+Extensions.swift */ = {isa = PBXFileReference; lastKnownFileType = sourcecode.swift; path = "UIImageView+Extensions.swift"; sourceTree = "<group>"; };
		39AC36A029C4B538008BD436 /* EmptyStateView.swift */ = {isa = PBXFileReference; lastKnownFileType = sourcecode.swift; path = EmptyStateView.swift; sourceTree = "<group>"; };
/* End PBXFileReference section */

/* Begin PBXFrameworksBuildPhase section */
		390FD806299D36BE0035374F /* Frameworks */ = {
			isa = PBXFrameworksBuildPhase;
			buildActionMask = 2147483647;
			files = (
			);
			runOnlyForDeploymentPostprocessing = 0;
		};
/* End PBXFrameworksBuildPhase section */

/* Begin PBXGroup section */
		390FD800299D36BE0035374F = {
			isa = PBXGroup;
			children = (
				390FD80B299D36BE0035374F /* Networking15.02Escaping */,
				390FD80A299D36BE0035374F /* Products */,
			);
			sourceTree = "<group>";
		};
		390FD80A299D36BE0035374F /* Products */ = {
			isa = PBXGroup;
			children = (
				390FD809299D36BE0035374F /* Networking15.02Escaping.app */,
			);
			name = Products;
			sourceTree = "<group>";
		};
		390FD80B299D36BE0035374F /* Networking15.02Escaping */ = {
			isa = PBXGroup;
			children = (
				399DB87E29A77B3E005777D6 /* Model */,
				399DB87929A7753B005777D6 /* Extension */,
				390FD80C299D36BE0035374F /* AppDelegate.swift */,
				390FD80E299D36BE0035374F /* SceneDelegate.swift */,
				390FD810299D36BE0035374F /* ImageListController.swift */,
				390FD812299D36BE0035374F /* Main.storyboard */,
				390FD815299D36C00035374F /* Assets.xcassets */,
				390FD817299D36C00035374F /* LaunchScreen.storyboard */,
				390FD81A299D36C00035374F /* Info.plist */,
				390FD826299EB1D90035374F /* ImageService.swift */,
				39AC369D29C37838008BD436 /* ImageCell */,
				39AC36A029C4B538008BD436 /* EmptyStateView.swift */,
			);
			path = Networking15.02Escaping;
			sourceTree = "<group>";
		};
		399DB87929A7753B005777D6 /* Extension */ = {
			isa = PBXGroup;
			children = (
				399DB87A29A7756A005777D6 /* UIImageView+Extensions.swift */,
				3967A87029D6189700FD7252 /* UITableView+Extensions.swift */,
			);
			path = Extension;
			sourceTree = "<group>";
		};
		399DB87E29A77B3E005777D6 /* Model */ = {
			isa = PBXGroup;
			children = (
				390FD820299D373C0035374F /* Model.swift */,
			);
			path = Model;
			sourceTree = "<group>";
		};
		39AC369D29C37838008BD436 /* ImageCell */ = {
			isa = PBXGroup;
			children = (
				390FD829299FBBA30035374F /* TableViewCell.xib */,
				390FD828299FBBA30035374F /* TableViewCell.swift */,
			);
			path = ImageCell;
			sourceTree = "<group>";
		};
/* End PBXGroup section */

/* Begin PBXNativeTarget section */
		390FD808299D36BE0035374F /* Networking15.02Escaping */ = {
			isa = PBXNativeTarget;
			buildConfigurationList = 390FD81D299D36C00035374F /* Build configuration list for PBXNativeTarget "Networking15.02Escaping" */;
			buildPhases = (
				390FD805299D36BE0035374F /* Sources */,
				390FD806299D36BE0035374F /* Frameworks */,
				390FD807299D36BE0035374F /* Resources */,
			);
			buildRules = (
			);
			dependencies = (
			);
			name = Networking15.02Escaping;
			productName = Networking15.02Escaping;
			productReference = 390FD809299D36BE0035374F /* Networking15.02Escaping.app */;
			productType = "com.apple.product-type.application";
		};
/* End PBXNativeTarget section */

/* Begin PBXProject section */
		390FD801299D36BE0035374F /* Project object */ = {
			isa = PBXProject;
			attributes = {
				BuildIndependentTargetsInParallel = 1;
				LastSwiftUpdateCheck = 1340;
				LastUpgradeCheck = 1340;
				TargetAttributes = {
					390FD808299D36BE0035374F = {
						CreatedOnToolsVersion = 13.4.1;
					};
				};
			};
			buildConfigurationList = 390FD804299D36BE0035374F /* Build configuration list for PBXProject "Networking15.02Escaping" */;
			compatibilityVersion = "Xcode 13.0";
			developmentRegion = en;
			hasScannedForEncodings = 0;
			knownRegions = (
				en,
				Base,
			);
			mainGroup = 390FD800299D36BE0035374F;
			productRefGroup = 390FD80A299D36BE0035374F /* Products */;
			projectDirPath = "";
			projectRoot = "";
			targets = (
				390FD808299D36BE0035374F /* Networking15.02Escaping */,
			);
		};
/* End PBXProject section */

/* Begin PBXResourcesBuildPhase section */
		390FD807299D36BE0035374F /* Resources */ = {
			isa = PBXResourcesBuildPhase;
			buildActionMask = 2147483647;
			files = (
				390FD819299D36C00035374F /* LaunchScreen.storyboard in Resources */,
				390FD82B299FBBA30035374F /* TableViewCell.xib in Resources */,
				390FD816299D36C00035374F /* Assets.xcassets in Resources */,
				390FD814299D36BE0035374F /* Main.storyboard in Resources */,
			);
			runOnlyForDeploymentPostprocessing = 0;
		};
/* End PBXResourcesBuildPhase section */

/* Begin PBXSourcesBuildPhase section */
		390FD805299D36BE0035374F /* Sources */ = {
			isa = PBXSourcesBuildPhase;
			buildActionMask = 2147483647;
			files = (
				3967A87129D6189700FD7252 /* UITableView+Extensions.swift in Sources */,
				390FD811299D36BE0035374F /* ImageListController.swift in Sources */,
				390FD80D299D36BE0035374F /* AppDelegate.swift in Sources */,
				39AC36A129C4B538008BD436 /* EmptyStateView.swift in Sources */,
				390FD80F299D36BE0035374F /* SceneDelegate.swift in Sources */,
				390FD821299D373C0035374F /* Model.swift in Sources */,
				399DB87B29A7756A005777D6 /* UIImageView+Extensions.swift in Sources */,
				390FD82A299FBBA30035374F /* TableViewCell.swift in Sources */,
				390FD827299EB1D90035374F /* ImageService.swift in Sources */,
			);
			runOnlyForDeploymentPostprocessing = 0;
		};
/* End PBXSourcesBuildPhase section */

/* Begin PBXVariantGroup section */
		390FD812299D36BE0035374F /* Main.storyboard */ = {
			isa = PBXVariantGroup;
			children = (
				390FD813299D36BE0035374F /* Base */,
			);
			name = Main.storyboard;
			sourceTree = "<group>";
		};
		390FD817299D36C00035374F /* LaunchScreen.storyboard */ = {
			isa = PBXVariantGroup;
			children = (
				390FD818299D36C00035374F /* Base */,
			);
			name = LaunchScreen.storyboard;
			sourceTree = "<group>";
		};
/* End PBXVariantGroup section */

/* Begin XCBuildConfiguration section */
		390FD81B299D36C00035374F /* Debug */ = {
			isa = XCBuildConfiguration;
			buildSettings = {
				ALWAYS_SEARCH_USER_PATHS = NO;
				CLANG_ANALYZER_NONNULL = YES;
				CLANG_ANALYZER_NUMBER_OBJECT_CONVERSION = YES_AGGRESSIVE;
				CLANG_CXX_LANGUAGE_STANDARD = "gnu++17";
				CLANG_ENABLE_MODULES = YES;
				CLANG_ENABLE_OBJC_ARC = YES;
				CLANG_ENABLE_OBJC_WEAK = YES;
				CLANG_WARN_BLOCK_CAPTURE_AUTORELEASING = YES;
				CLANG_WARN_BOOL_CONVERSION = YES;
				CLANG_WARN_COMMA = YES;
				CLANG_WARN_CONSTANT_CONVERSION = YES;
				CLANG_WARN_DEPRECATED_OBJC_IMPLEMENTATIONS = YES;
				CLANG_WARN_DIRECT_OBJC_ISA_USAGE = YES_ERROR;
				CLANG_WARN_DOCUMENTATION_COMMENTS = YES;
				CLANG_WARN_EMPTY_BODY = YES;
				CLANG_WARN_ENUM_CONVERSION = YES;
				CLANG_WARN_INFINITE_RECURSION = YES;
				CLANG_WARN_INT_CONVERSION = YES;
				CLANG_WARN_NON_LITERAL_NULL_CONVERSION = YES;
				CLANG_WARN_OBJC_IMPLICIT_RETAIN_SELF = YES;
				CLANG_WARN_OBJC_LITERAL_CONVERSION = YES;
				CLANG_WARN_OBJC_ROOT_CLASS = YES_ERROR;
				CLANG_WARN_QUOTED_INCLUDE_IN_FRAMEWORK_HEADER = YES;
				CLANG_WARN_RANGE_LOOP_ANALYSIS = YES;
				CLANG_WARN_STRICT_PROTOTYPES = YES;
				CLANG_WARN_SUSPICIOUS_MOVE = YES;
				CLANG_WARN_UNGUARDED_AVAILABILITY = YES_AGGRESSIVE;
				CLANG_WARN_UNREACHABLE_CODE = YES;
				CLANG_WARN__DUPLICATE_METHOD_MATCH = YES;
				COPY_PHASE_STRIP = NO;
				DEBUG_INFORMATION_FORMAT = dwarf;
				ENABLE_STRICT_OBJC_MSGSEND = YES;
				ENABLE_TESTABILITY = YES;
				GCC_C_LANGUAGE_STANDARD = gnu11;
				GCC_DYNAMIC_NO_PIC = NO;
				GCC_NO_COMMON_BLOCKS = YES;
				GCC_OPTIMIZATION_LEVEL = 0;
				GCC_PREPROCESSOR_DEFINITIONS = (
					"DEBUG=1",
					"$(inherited)",
				);
				GCC_WARN_64_TO_32_BIT_CONVERSION = YES;
				GCC_WARN_ABOUT_RETURN_TYPE = YES_ERROR;
				GCC_WARN_UNDECLARED_SELECTOR = YES;
				GCC_WARN_UNINITIALIZED_AUTOS = YES_AGGRESSIVE;
				GCC_WARN_UNUSED_FUNCTION = YES;
				GCC_WARN_UNUSED_VARIABLE = YES;
				IPHONEOS_DEPLOYMENT_TARGET = 15.5;
				MTL_ENABLE_DEBUG_INFO = INCLUDE_SOURCE;
				MTL_FAST_MATH = YES;
				ONLY_ACTIVE_ARCH = YES;
				SDKROOT = iphoneos;
				SWIFT_ACTIVE_COMPILATION_CONDITIONS = DEBUG;
				SWIFT_OPTIMIZATION_LEVEL = "-Onone";
			};
			name = Debug;
		};
		390FD81C299D36C00035374F /* Release */ = {
			isa = XCBuildConfiguration;
			buildSettings = {
				ALWAYS_SEARCH_USER_PATHS = NO;
				CLANG_ANALYZER_NONNULL = YES;
				CLANG_ANALYZER_NUMBER_OBJECT_CONVERSION = YES_AGGRESSIVE;
				CLANG_CXX_LANGUAGE_STANDARD = "gnu++17";
				CLANG_ENABLE_MODULES = YES;
				CLANG_ENABLE_OBJC_ARC = YES;
				CLANG_ENABLE_OBJC_WEAK = YES;
				CLANG_WARN_BLOCK_CAPTURE_AUTORELEASING = YES;
				CLANG_WARN_BOOL_CONVERSION = YES;
				CLANG_WARN_COMMA = YES;
				CLANG_WARN_CONSTANT_CONVERSION = YES;
				CLANG_WARN_DEPRECATED_OBJC_IMPLEMENTATIONS = YES;
				CLANG_WARN_DIRECT_OBJC_ISA_USAGE = YES_ERROR;
				CLANG_WARN_DOCUMENTATION_COMMENTS = YES;
				CLANG_WARN_EMPTY_BODY = YES;
				CLANG_WARN_ENUM_CONVERSION = YES;
				CLANG_WARN_INFINITE_RECURSION = YES;
				CLANG_WARN_INT_CONVERSION = YES;
				CLANG_WARN_NON_LITERAL_NULL_CONVERSION = YES;
				CLANG_WARN_OBJC_IMPLICIT_RETAIN_SELF = YES;
				CLANG_WARN_OBJC_LITERAL_CONVERSION = YES;
				CLANG_WARN_OBJC_ROOT_CLASS = YES_ERROR;
				CLANG_WARN_QUOTED_INCLUDE_IN_FRAMEWORK_HEADER = YES;
				CLANG_WARN_RANGE_LOOP_ANALYSIS = YES;
				CLANG_WARN_STRICT_PROTOTYPES = YES;
				CLANG_WARN_SUSPICIOUS_MOVE = YES;
				CLANG_WARN_UNGUARDED_AVAILABILITY = YES_AGGRESSIVE;
				CLANG_WARN_UNREACHABLE_CODE = YES;
				CLANG_WARN__DUPLICATE_METHOD_MATCH = YES;
				COPY_PHASE_STRIP = NO;
				DEBUG_INFORMATION_FORMAT = "dwarf-with-dsym";
				ENABLE_NS_ASSERTIONS = NO;
				ENABLE_STRICT_OBJC_MSGSEND = YES;
				GCC_C_LANGUAGE_STANDARD = gnu11;
				GCC_NO_COMMON_BLOCKS = YES;
				GCC_WARN_64_TO_32_BIT_CONVERSION = YES;
				GCC_WARN_ABOUT_RETURN_TYPE = YES_ERROR;
				GCC_WARN_UNDECLARED_SELECTOR = YES;
				GCC_WARN_UNINITIALIZED_AUTOS = YES_AGGRESSIVE;
				GCC_WARN_UNUSED_FUNCTION = YES;
				GCC_WARN_UNUSED_VARIABLE = YES;
				IPHONEOS_DEPLOYMENT_TARGET = 15.5;
				MTL_ENABLE_DEBUG_INFO = NO;
				MTL_FAST_MATH = YES;
				SDKROOT = iphoneos;
				SWIFT_COMPILATION_MODE = wholemodule;
				SWIFT_OPTIMIZATION_LEVEL = "-O";
				VALIDATE_PRODUCT = YES;
			};
			name = Release;
		};
		390FD81E299D36C00035374F /* Debug */ = {
			isa = XCBuildConfiguration;
			buildSettings = {
				ASSETCATALOG_COMPILER_APPICON_NAME = AppIcon;
				ASSETCATALOG_COMPILER_GLOBAL_ACCENT_COLOR_NAME = AccentColor;
				CODE_SIGN_STYLE = Automatic;
				CURRENT_PROJECT_VERSION = 1;
				GENERATE_INFOPLIST_FILE = YES;
				INFOPLIST_FILE = Networking15.02Escaping/Info.plist;
				INFOPLIST_KEY_UIApplicationSupportsIndirectInputEvents = YES;
				INFOPLIST_KEY_UILaunchStoryboardName = LaunchScreen;
				INFOPLIST_KEY_UIMainStoryboardFile = Main;
				INFOPLIST_KEY_UISupportedInterfaceOrientations_iPad = "UIInterfaceOrientationPortrait UIInterfaceOrientationPortraitUpsideDown UIInterfaceOrientationLandscapeLeft UIInterfaceOrientationLandscapeRight";
				INFOPLIST_KEY_UISupportedInterfaceOrientations_iPhone = "UIInterfaceOrientationPortrait UIInterfaceOrientationLandscapeLeft UIInterfaceOrientationLandscapeRight";
				LD_RUNPATH_SEARCH_PATHS = (
					"$(inherited)",
					"@executable_path/Frameworks",
				);
				MARKETING_VERSION = 1.0;
				PRODUCT_BUNDLE_IDENTIFIER = "com.resourcesTestApp.Networking15-02Escaping";
				PRODUCT_NAME = "$(TARGET_NAME)";
				SWIFT_EMIT_LOC_STRINGS = YES;
				SWIFT_VERSION = 5.0;
				TARGETED_DEVICE_FAMILY = "1,2";
			};
			name = Debug;
		};
		390FD81F299D36C00035374F /* Release */ = {
			isa = XCBuildConfiguration;
			buildSettings = {
				ASSETCATALOG_COMPILER_APPICON_NAME = AppIcon;
				ASSETCATALOG_COMPILER_GLOBAL_ACCENT_COLOR_NAME = AccentColor;
				CODE_SIGN_STYLE = Automatic;
				CURRENT_PROJECT_VERSION = 1;
				GENERATE_INFOPLIST_FILE = YES;
				INFOPLIST_FILE = Networking15.02Escaping/Info.plist;
				INFOPLIST_KEY_UIApplicationSupportsIndirectInputEvents = YES;
				INFOPLIST_KEY_UILaunchStoryboardName = LaunchScreen;
				INFOPLIST_KEY_UIMainStoryboardFile = Main;
				INFOPLIST_KEY_UISupportedInterfaceOrientations_iPad = "UIInterfaceOrientationPortrait UIInterfaceOrientationPortraitUpsideDown UIInterfaceOrientationLandscapeLeft UIInterfaceOrientationLandscapeRight";
				INFOPLIST_KEY_UISupportedInterfaceOrientations_iPhone = "UIInterfaceOrientationPortrait UIInterfaceOrientationLandscapeLeft UIInterfaceOrientationLandscapeRight";
				LD_RUNPATH_SEARCH_PATHS = (
					"$(inherited)",
					"@executable_path/Frameworks",
				);
				MARKETING_VERSION = 1.0;
				PRODUCT_BUNDLE_IDENTIFIER = "com.resourcesTestApp.Networking15-02Escaping";
				PRODUCT_NAME = "$(TARGET_NAME)";
				SWIFT_EMIT_LOC_STRINGS = YES;
				SWIFT_VERSION = 5.0;
				TARGETED_DEVICE_FAMILY = "1,2";
			};
			name = Release;
		};
/* End XCBuildConfiguration section */

/* Begin XCConfigurationList section */
		390FD804299D36BE0035374F /* Build configuration list for PBXProject "Networking15.02Escaping" */ = {
			isa = XCConfigurationList;
			buildConfigurations = (
				390FD81B299D36C00035374F /* Debug */,
				390FD81C299D36C00035374F /* Release */,
			);
			defaultConfigurationIsVisible = 0;
			defaultConfigurationName = Release;
		};
		390FD81D299D36C00035374F /* Build configuration list for PBXNativeTarget "Networking15.02Escaping" */ = {
			isa = XCConfigurationList;
			buildConfigurations = (
				390FD81E299D36C00035374F /* Debug */,
				390FD81F299D36C00035374F /* Release */,
			);
			defaultConfigurationIsVisible = 0;
			defaultConfigurationName = Release;
		};
/* End XCConfigurationList section */
	};
	rootObject = 390FD801299D36BE0035374F /* Project object */;
}
